
Microsoft Visual Studio Solution File, Format Version 12.00
# Visual Studio Version 16
VisualStudioVersion = 16.0.29025.244
MinimumVisualStudioVersion = 10.0.40219.1
Project("{FAE04EC0-301F-11D3-BF4B-00C04F79EFBC}") = "TripScheduler", "TripScheduler\TripScheduler.csproj", "{CC501999-1B63-4A91-9F82-5C362ABA5EC5}"
EndProject
Global
	GlobalSection(SolutionConfigurationPlatforms) = preSolution
		Debug|Any CPU = Debug|Any CPU
		Release|Any CPU = Release|Any CPU
	EndGlobalSection
	GlobalSection(ProjectConfigurationPlatforms) = postSolution
		{CC501999-1B63-4A91-9F82-5C362ABA5EC5}.Debug|Any CPU.ActiveCfg = Debug|Any CPU
		{CC501999-1B63-4A91-9F82-5C362ABA5EC5}.Debug|Any CPU.Build.0 = Debug|Any CPU
		{CC501999-1B63-4A91-9F82-5C362ABA5EC5}.Release|Any CPU.ActiveCfg = Release|Any CPU
		{CC501999-1B63-4A91-9F82-5C362ABA5EC5}.Release|Any CPU.Build.0 = Release|Any CPU
	EndGlobalSection
	GlobalSection(SolutionProperties) = preSolution
		HideSolutionNode = FALSE
	EndGlobalSection
	GlobalSection(ExtensibilityGlobals) = postSolution
		SolutionGuid = {B69E0075-ED84-496D-B026-7E0F3949101D}
	EndGlobalSection
EndGlobal
